
Microsoft Visual Studio Solution File, Format Version 12.00
# Visual Studio Version 17
VisualStudioVersion = 17.14.36623.8
MinimumVisualStudioVersion = 10.0.40219.1
Project("{2150E333-8FDC-42A3-9474-1A3956D46DE8}") = "AppUI", "AppUI", "{02EA681E-C7D8-13C7-8484-4AC65E1B71E8}"
EndProject
Project("{2150E333-8FDC-42A3-9474-1A3956D46DE8}") = "API", "API", "{5CB37456-3092-4356-B779-147A8323C44F}"
EndProject
Project("{2150E333-8FDC-42A3-9474-1A3956D46DE8}") = "Modules", "Modules", "{9452E327-5ECD-46D9-8BDD-AAF64FB16DC9}"
EndProject
Project("{2150E333-8FDC-42A3-9474-1A3956D46DE8}") = "Tests", "Tests", "{1B921A07-C46D-44AD-BB5B-6AB36D7026F5}"
EndProject
Project("{FAE04EC0-301F-11D3-BF4B-00C04F79EFBC}") = "SD.Mercato.UI", "AppUI\SD.Mercato.UI\SD.Mercato.UI\SD.Mercato.UI.csproj", "{AC970B39-3BE5-4288-BA31-84CA8FF8DF4D}"
EndProject
Project("{FAE04EC0-301F-11D3-BF4B-00C04F79EFBC}") = "SD.Mercato.UI.Client", "AppUI\SD.Mercato.UI\SD.Mercato.UI.Client\SD.Mercato.UI.Client.csproj", "{CA1CF1C5-C532-48D8-9973-30D1AF49FC01}"
EndProject
Project("{FAE04EC0-301F-11D3-BF4B-00C04F79EFBC}") = "SD.Mercato.API", "API\SD.Mercato.API\SD.Mercato.API.csproj", "{F714B4FB-0850-42EB-8DD8-D83672E8318C}"
EndProject
Project("{FAE04EC0-301F-11D3-BF4B-00C04F79EFBC}") = "SD.Mercato.Users", "Modules\SD.Mercato.Users\SD.Mercato.Users.csproj", "{216DC764-0FD1-4D27-B936-3B4F154EBE16}"
EndProject
Project("{FAE04EC0-301F-11D3-BF4B-00C04F79EFBC}") = "SD.Mercato.ProductCatalog", "Modules\SD.Mercato.ProductCatalog\SD.Mercato.ProductCatalog.csproj", "{1F83A946-7798-4B64-849C-9B7C4750D47F}"
EndProject
Project("{FAE04EC0-301F-11D3-BF4B-00C04F79EFBC}") = "SD.Mercato.SellerPanel", "Modules\SD.Mercato.SellerPanel\SD.Mercato.SellerPanel.csproj", "{7BB92596-FB3C-46E1-9887-BAA3F9839314}"
EndProject
Project("{FAE04EC0-301F-11D3-BF4B-00C04F79EFBC}") = "SD.Mercato.History", "Modules\SD.Mercato.History\SD.Mercato.History.csproj", "{F16AF13E-B9DE-447E-B8CA-E66336E4FA40}"
EndProject
Project("{FAE04EC0-301F-11D3-BF4B-00C04F79EFBC}") = "SD.Mercato.Cart", "Modules\SD.Mercato.Cart\SD.Mercato.Cart.csproj", "{D3E62BAF-0FCC-47CB-BC15-2533C4CAC3E8}"
EndProject
Project("{FAE04EC0-301F-11D3-BF4B-00C04F79EFBC}") = "SD.Mercato.Shipping", "Modules\SD.Mercato.Shipping\SD.Mercato.Shipping.csproj", "{453CAEC3-ABE1-4DA0-8CAF-43117833BDF6}"
EndProject
Project("{FAE04EC0-301F-11D3-BF4B-00C04F79EFBC}") = "SD.Mercato.Payments", "Modules\SD.Mercato.Payments\SD.Mercato.Payments.csproj", "{A9CF6112-9BF2-411D-B270-325F948608F3}"
EndProject
Project("{FAE04EC0-301F-11D3-BF4B-00C04F79EFBC}") = "SD.Mercato.Notification", "Modules\SD.Mercato.Notification\SD.Mercato.Notification.csproj", "{A6D7951C-9786-4AF7-A4B6-20FB176B63C2}"
EndProject
Project("{FAE04EC0-301F-11D3-BF4B-00C04F79EFBC}") = "SD.Mercato.Reports", "Modules\SD.Mercato.Reports\SD.Mercato.Reports.csproj", "{31FD5F8A-D265-4DA2-9778-1E50432024C9}"
EndProject
Project("{FAE04EC0-301F-11D3-BF4B-00C04F79EFBC}") = "SD.Mercato.Reviews", "Modules\SD.Mercato.Reviews\SD.Mercato.Reviews.csproj", "{9BF60EB4-FF21-49C4-BB55-BAC8E9FBCF85}"
EndProject
Global
	GlobalSection(SolutionConfigurationPlatforms) = preSolution
		Debug|Any CPU = Debug|Any CPU
		Debug|x64 = Debug|x64
		Debug|x86 = Debug|x86
		Release|Any CPU = Release|Any CPU
		Release|x64 = Release|x64
		Release|x86 = Release|x86
	EndGlobalSection
	GlobalSection(ProjectConfigurationPlatforms) = postSolution
		{AC970B39-3BE5-4288-BA31-84CA8FF8DF4D}.Debug|Any CPU.ActiveCfg = Debug|Any CPU
		{AC970B39-3BE5-4288-BA31-84CA8FF8DF4D}.Debug|Any CPU.Build.0 = Debug|Any CPU
		{AC970B39-3BE5-4288-BA31-84CA8FF8DF4D}.Debug|x64.ActiveCfg = Debug|Any CPU
		{AC970B39-3BE5-4288-BA31-84CA8FF8DF4D}.Debug|x64.Build.0 = Debug|Any CPU
		{AC970B39-3BE5-4288-BA31-84CA8FF8DF4D}.Debug|x86.ActiveCfg = Debug|Any CPU
		{AC970B39-3BE5-4288-BA31-84CA8FF8DF4D}.Debug|x86.Build.0 = Debug|Any CPU
		{AC970B39-3BE5-4288-BA31-84CA8FF8DF4D}.Release|Any CPU.ActiveCfg = Release|Any CPU
		{AC970B39-3BE5-4288-BA31-84CA8FF8DF4D}.Release|Any CPU.Build.0 = Release|Any CPU
		{AC970B39-3BE5-4288-BA31-84CA8FF8DF4D}.Release|x64.ActiveCfg = Release|Any CPU
		{AC970B39-3BE5-4288-BA31-84CA8FF8DF4D}.Release|x64.Build.0 = Release|Any CPU
		{AC970B39-3BE5-4288-BA31-84CA8FF8DF4D}.Release|x86.ActiveCfg = Release|Any CPU
		{AC970B39-3BE5-4288-BA31-84CA8FF8DF4D}.Release|x86.Build.0 = Release|Any CPU
		{CA1CF1C5-C532-48D8-9973-30D1AF49FC01}.Debug|Any CPU.ActiveCfg = Debug|Any CPU
		{CA1CF1C5-C532-48D8-9973-30D1AF49FC01}.Debug|Any CPU.Build.0 = Debug|Any CPU
		{CA1CF1C5-C532-48D8-9973-30D1AF49FC01}.Debug|x64.ActiveCfg = Debug|Any CPU
		{CA1CF1C5-C532-48D8-9973-30D1AF49FC01}.Debug|x64.Build.0 = Debug|Any CPU
		{CA1CF1C5-C532-48D8-9973-30D1AF49FC01}.Debug|x86.ActiveCfg = Debug|Any CPU
		{CA1CF1C5-C532-48D8-9973-30D1AF49FC01}.Debug|x86.Build.0 = Debug|Any CPU
		{CA1CF1C5-C532-48D8-9973-30D1AF49FC01}.Release|Any CPU.ActiveCfg = Release|Any CPU
		{CA1CF1C5-C532-48D8-9973-30D1AF49FC01}.Release|Any CPU.Build.0 = Release|Any CPU
		{CA1CF1C5-C532-48D8-9973-30D1AF49FC01}.Release|x64.ActiveCfg = Release|Any CPU
		{CA1CF1C5-C532-48D8-9973-30D1AF49FC01}.Release|x64.Build.0 = Release|Any CPU
		{CA1CF1C5-C532-48D8-9973-30D1AF49FC01}.Release|x86.ActiveCfg = Release|Any CPU
		{CA1CF1C5-C532-48D8-9973-30D1AF49FC01}.Release|x86.Build.0 = Release|Any CPU
		{F714B4FB-0850-42EB-8DD8-D83672E8318C}.Debug|Any CPU.ActiveCfg = Debug|Any CPU
		{F714B4FB-0850-42EB-8DD8-D83672E8318C}.Debug|Any CPU.Build.0 = Debug|Any CPU
		{F714B4FB-0850-42EB-8DD8-D83672E8318C}.Debug|x64.ActiveCfg = Debug|Any CPU
		{F714B4FB-0850-42EB-8DD8-D83672E8318C}.Debug|x64.Build.0 = Debug|Any CPU
		{F714B4FB-0850-42EB-8DD8-D83672E8318C}.Debug|x86.ActiveCfg = Debug|Any CPU
		{F714B4FB-0850-42EB-8DD8-D83672E8318C}.Debug|x86.Build.0 = Debug|Any CPU
		{F714B4FB-0850-42EB-8DD8-D83672E8318C}.Release|Any CPU.ActiveCfg = Release|Any CPU
		{F714B4FB-0850-42EB-8DD8-D83672E8318C}.Release|Any CPU.Build.0 = Release|Any CPU
		{F714B4FB-0850-42EB-8DD8-D83672E8318C}.Release|x64.ActiveCfg = Release|Any CPU
		{F714B4FB-0850-42EB-8DD8-D83672E8318C}.Release|x64.Build.0 = Release|Any CPU
		{F714B4FB-0850-42EB-8DD8-D83672E8318C}.Release|x86.ActiveCfg = Release|Any CPU
		{F714B4FB-0850-42EB-8DD8-D83672E8318C}.Release|x86.Build.0 = Release|Any CPU
		{216DC764-0FD1-4D27-B936-3B4F154EBE16}.Debug|Any CPU.ActiveCfg = Debug|Any CPU
		{216DC764-0FD1-4D27-B936-3B4F154EBE16}.Debug|Any CPU.Build.0 = Debug|Any CPU
		{216DC764-0FD1-4D27-B936-3B4F154EBE16}.Debug|x64.ActiveCfg = Debug|Any CPU
		{216DC764-0FD1-4D27-B936-3B4F154EBE16}.Debug|x64.Build.0 = Debug|Any CPU
		{216DC764-0FD1-4D27-B936-3B4F154EBE16}.Debug|x86.ActiveCfg = Debug|Any CPU
		{216DC764-0FD1-4D27-B936-3B4F154EBE16}.Debug|x86.Build.0 = Debug|Any CPU
		{216DC764-0FD1-4D27-B936-3B4F154EBE16}.Release|Any CPU.ActiveCfg = Release|Any CPU
		{216DC764-0FD1-4D27-B936-3B4F154EBE16}.Release|Any CPU.Build.0 = Release|Any CPU
		{216DC764-0FD1-4D27-B936-3B4F154EBE16}.Release|x64.ActiveCfg = Release|Any CPU
		{216DC764-0FD1-4D27-B936-3B4F154EBE16}.Release|x64.Build.0 = Release|Any CPU
		{216DC764-0FD1-4D27-B936-3B4F154EBE16}.Release|x86.ActiveCfg = Release|Any CPU
		{216DC764-0FD1-4D27-B936-3B4F154EBE16}.Release|x86.Build.0 = Release|Any CPU
		{1F83A946-7798-4B64-849C-9B7C4750D47F}.Debug|Any CPU.ActiveCfg = Debug|Any CPU
		{1F83A946-7798-4B64-849C-9B7C4750D47F}.Debug|Any CPU.Build.0 = Debug|Any CPU
		{1F83A946-7798-4B64-849C-9B7C4750D47F}.Debug|x64.ActiveCfg = Debug|Any CPU
		{1F83A946-7798-4B64-849C-9B7C4750D47F}.Debug|x64.Build.0 = Debug|Any CPU
		{1F83A946-7798-4B64-849C-9B7C4750D47F}.Debug|x86.ActiveCfg = Debug|Any CPU
		{1F83A946-7798-4B64-849C-9B7C4750D47F}.Debug|x86.Build.0 = Debug|Any CPU
		{1F83A946-7798-4B64-849C-9B7C4750D47F}.Release|Any CPU.ActiveCfg = Release|Any CPU
		{1F83A946-7798-4B64-849C-9B7C4750D47F}.Release|Any CPU.Build.0 = Release|Any CPU
		{1F83A946-7798-4B64-849C-9B7C4750D47F}.Release|x64.ActiveCfg = Release|Any CPU
		{1F83A946-7798-4B64-849C-9B7C4750D47F}.Release|x64.Build.0 = Release|Any CPU
		{1F83A946-7798-4B64-849C-9B7C4750D47F}.Release|x86.ActiveCfg = Release|Any CPU
		{1F83A946-7798-4B64-849C-9B7C4750D47F}.Release|x86.Build.0 = Release|Any CPU
		{7BB92596-FB3C-46E1-9887-BAA3F9839314}.Debug|Any CPU.ActiveCfg = Debug|Any CPU
		{7BB92596-FB3C-46E1-9887-BAA3F9839314}.Debug|Any CPU.Build.0 = Debug|Any CPU
		{7BB92596-FB3C-46E1-9887-BAA3F9839314}.Debug|x64.ActiveCfg = Debug|Any CPU
		{7BB92596-FB3C-46E1-9887-BAA3F9839314}.Debug|x64.Build.0 = Debug|Any CPU
		{7BB92596-FB3C-46E1-9887-BAA3F9839314}.Debug|x86.ActiveCfg = Debug|Any CPU
		{7BB92596-FB3C-46E1-9887-BAA3F9839314}.Debug|x86.Build.0 = Debug|Any CPU
		{7BB92596-FB3C-46E1-9887-BAA3F9839314}.Release|Any CPU.ActiveCfg = Release|Any CPU
		{7BB92596-FB3C-46E1-9887-BAA3F9839314}.Release|Any CPU.Build.0 = Release|Any CPU
		{7BB92596-FB3C-46E1-9887-BAA3F9839314}.Release|x64.ActiveCfg = Release|Any CPU
		{7BB92596-FB3C-46E1-9887-BAA3F9839314}.Release|x64.Build.0 = Release|Any CPU
		{7BB92596-FB3C-46E1-9887-BAA3F9839314}.Release|x86.ActiveCfg = Release|Any CPU
		{7BB92596-FB3C-46E1-9887-BAA3F9839314}.Release|x86.Build.0 = Release|Any CPU
		{F16AF13E-B9DE-447E-B8CA-E66336E4FA40}.Debug|Any CPU.ActiveCfg = Debug|Any CPU
		{F16AF13E-B9DE-447E-B8CA-E66336E4FA40}.Debug|Any CPU.Build.0 = Debug|Any CPU
		{F16AF13E-B9DE-447E-B8CA-E66336E4FA40}.Debug|x64.ActiveCfg = Debug|Any CPU
		{F16AF13E-B9DE-447E-B8CA-E66336E4FA40}.Debug|x64.Build.0 = Debug|Any CPU
		{F16AF13E-B9DE-447E-B8CA-E66336E4FA40}.Debug|x86.ActiveCfg = Debug|Any CPU
		{F16AF13E-B9DE-447E-B8CA-E66336E4FA40}.Debug|x86.Build.0 = Debug|Any CPU
		{F16AF13E-B9DE-447E-B8CA-E66336E4FA40}.Release|Any CPU.ActiveCfg = Release|Any CPU
		{F16AF13E-B9DE-447E-B8CA-E66336E4FA40}.Release|Any CPU.Build.0 = Release|Any CPU
		{F16AF13E-B9DE-447E-B8CA-E66336E4FA40}.Release|x64.ActiveCfg = Release|Any CPU
		{F16AF13E-B9DE-447E-B8CA-E66336E4FA40}.Release|x64.Build.0 = Release|Any CPU
		{F16AF13E-B9DE-447E-B8CA-E66336E4FA40}.Release|x86.ActiveCfg = Release|Any CPU
		{F16AF13E-B9DE-447E-B8CA-E66336E4FA40}.Release|x86.Build.0 = Release|Any CPU
		{D3E62BAF-0FCC-47CB-BC15-2533C4CAC3E8}.Debug|Any CPU.ActiveCfg = Debug|Any CPU
		{D3E62BAF-0FCC-47CB-BC15-2533C4CAC3E8}.Debug|Any CPU.Build.0 = Debug|Any CPU
		{D3E62BAF-0FCC-47CB-BC15-2533C4CAC3E8}.Debug|x64.ActiveCfg = Debug|Any CPU
		{D3E62BAF-0FCC-47CB-BC15-2533C4CAC3E8}.Debug|x64.Build.0 = Debug|Any CPU
		{D3E62BAF-0FCC-47CB-BC15-2533C4CAC3E8}.Debug|x86.ActiveCfg = Debug|Any CPU
		{D3E62BAF-0FCC-47CB-BC15-2533C4CAC3E8}.Debug|x86.Build.0 = Debug|Any CPU
		{D3E62BAF-0FCC-47CB-BC15-2533C4CAC3E8}.Release|Any CPU.ActiveCfg = Release|Any CPU
		{D3E62BAF-0FCC-47CB-BC15-2533C4CAC3E8}.Release|Any CPU.Build.0 = Release|Any CPU
		{D3E62BAF-0FCC-47CB-BC15-2533C4CAC3E8}.Release|x64.ActiveCfg = Release|Any CPU
		{D3E62BAF-0FCC-47CB-BC15-2533C4CAC3E8}.Release|x64.Build.0 = Release|Any CPU
		{D3E62BAF-0FCC-47CB-BC15-2533C4CAC3E8}.Release|x86.ActiveCfg = Release|Any CPU
		{D3E62BAF-0FCC-47CB-BC15-2533C4CAC3E8}.Release|x86.Build.0 = Release|Any CPU
		{453CAEC3-ABE1-4DA0-8CAF-43117833BDF6}.Debug|Any CPU.ActiveCfg = Debug|Any CPU
		{453CAEC3-ABE1-4DA0-8CAF-43117833BDF6}.Debug|Any CPU.Build.0 = Debug|Any CPU
		{453CAEC3-ABE1-4DA0-8CAF-43117833BDF6}.Debug|x64.ActiveCfg = Debug|Any CPU
		{453CAEC3-ABE1-4DA0-8CAF-43117833BDF6}.Debug|x64.Build.0 = Debug|Any CPU
		{453CAEC3-ABE1-4DA0-8CAF-43117833BDF6}.Debug|x86.ActiveCfg = Debug|Any CPU
		{453CAEC3-ABE1-4DA0-8CAF-43117833BDF6}.Debug|x86.Build.0 = Debug|Any CPU
		{453CAEC3-ABE1-4DA0-8CAF-43117833BDF6}.Release|Any CPU.ActiveCfg = Release|Any CPU
		{453CAEC3-ABE1-4DA0-8CAF-43117833BDF6}.Release|Any CPU.Build.0 = Release|Any CPU
		{453CAEC3-ABE1-4DA0-8CAF-43117833BDF6}.Release|x64.ActiveCfg = Release|Any CPU
		{453CAEC3-ABE1-4DA0-8CAF-43117833BDF6}.Release|x64.Build.0 = Release|Any CPU
		{453CAEC3-ABE1-4DA0-8CAF-43117833BDF6}.Release|x86.ActiveCfg = Release|Any CPU
		{453CAEC3-ABE1-4DA0-8CAF-43117833BDF6}.Release|x86.Build.0 = Release|Any CPU
		{A9CF6112-9BF2-411D-B270-325F948608F3}.Debug|Any CPU.ActiveCfg = Debug|Any CPU
		{A9CF6112-9BF2-411D-B270-325F948608F3}.Debug|Any CPU.Build.0 = Debug|Any CPU
		{A9CF6112-9BF2-411D-B270-325F948608F3}.Debug|x64.ActiveCfg = Debug|Any CPU
		{A9CF6112-9BF2-411D-B270-325F948608F3}.Debug|x64.Build.0 = Debug|Any CPU
		{A9CF6112-9BF2-411D-B270-325F948608F3}.Debug|x86.ActiveCfg = Debug|Any CPU
		{A9CF6112-9BF2-411D-B270-325F948608F3}.Debug|x86.Build.0 = Debug|Any CPU
		{A9CF6112-9BF2-411D-B270-325F948608F3}.Release|Any CPU.ActiveCfg = Release|Any CPU
		{A9CF6112-9BF2-411D-B270-325F948608F3}.Release|Any CPU.Build.0 = Release|Any CPU
		{A9CF6112-9BF2-411D-B270-325F948608F3}.Release|x64.ActiveCfg = Release|Any CPU
		{A9CF6112-9BF2-411D-B270-325F948608F3}.Release|x64.Build.0 = Release|Any CPU
		{A9CF6112-9BF2-411D-B270-325F948608F3}.Release|x86.ActiveCfg = Release|Any CPU
		{A9CF6112-9BF2-411D-B270-325F948608F3}.Release|x86.Build.0 = Release|Any CPU
		{A6D7951C-9786-4AF7-A4B6-20FB176B63C2}.Debug|Any CPU.ActiveCfg = Debug|Any CPU
		{A6D7951C-9786-4AF7-A4B6-20FB176B63C2}.Debug|Any CPU.Build.0 = Debug|Any CPU
		{A6D7951C-9786-4AF7-A4B6-20FB176B63C2}.Debug|x64.ActiveCfg = Debug|Any CPU
		{A6D7951C-9786-4AF7-A4B6-20FB176B63C2}.Debug|x64.Build.0 = Debug|Any CPU
		{A6D7951C-9786-4AF7-A4B6-20FB176B63C2}.Debug|x86.ActiveCfg = Debug|Any CPU
		{A6D7951C-9786-4AF7-A4B6-20FB176B63C2}.Debug|x86.Build.0 = Debug|Any CPU
		{A6D7951C-9786-4AF7-A4B6-20FB176B63C2}.Release|Any CPU.ActiveCfg = Release|Any CPU
		{A6D7951C-9786-4AF7-A4B6-20FB176B63C2}.Release|Any CPU.Build.0 = Release|Any CPU
		{A6D7951C-9786-4AF7-A4B6-20FB176B63C2}.Release|x64.ActiveCfg = Release|Any CPU
		{A6D7951C-9786-4AF7-A4B6-20FB176B63C2}.Release|x64.Build.0 = Release|Any CPU
		{A6D7951C-9786-4AF7-A4B6-20FB176B63C2}.Release|x86.ActiveCfg = Release|Any CPU
		{A6D7951C-9786-4AF7-A4B6-20FB176B63C2}.Release|x86.Build.0 = Release|Any CPU
		{31FD5F8A-D265-4DA2-9778-1E50432024C9}.Debug|Any CPU.ActiveCfg = Debug|Any CPU
		{31FD5F8A-D265-4DA2-9778-1E50432024C9}.Debug|Any CPU.Build.0 = Debug|Any CPU
		{31FD5F8A-D265-4DA2-9778-1E50432024C9}.Debug|x64.ActiveCfg = Debug|Any CPU
		{31FD5F8A-D265-4DA2-9778-1E50432024C9}.Debug|x64.Build.0 = Debug|Any CPU
		{31FD5F8A-D265-4DA2-9778-1E50432024C9}.Debug|x86.ActiveCfg = Debug|Any CPU
		{31FD5F8A-D265-4DA2-9778-1E50432024C9}.Debug|x86.Build.0 = Debug|Any CPU
		{31FD5F8A-D265-4DA2-9778-1E50432024C9}.Release|Any CPU.ActiveCfg = Release|Any CPU
		{31FD5F8A-D265-4DA2-9778-1E50432024C9}.Release|Any CPU.Build.0 = Release|Any CPU
		{31FD5F8A-D265-4DA2-9778-1E50432024C9}.Release|x64.ActiveCfg = Release|Any CPU
		{31FD5F8A-D265-4DA2-9778-1E50432024C9}.Release|x64.Build.0 = Release|Any CPU
		{31FD5F8A-D265-4DA2-9778-1E50432024C9}.Release|x86.ActiveCfg = Release|Any CPU
		{31FD5F8A-D265-4DA2-9778-1E50432024C9}.Release|x86.Build.0 = Release|Any CPU
		{9BF60EB4-FF21-49C4-BB55-BAC8E9FBCF85}.Debug|Any CPU.ActiveCfg = Debug|Any CPU
		{9BF60EB4-FF21-49C4-BB55-BAC8E9FBCF85}.Debug|Any CPU.Build.0 = Debug|Any CPU
		{9BF60EB4-FF21-49C4-BB55-BAC8E9FBCF85}.Debug|x64.ActiveCfg = Debug|Any CPU
		{9BF60EB4-FF21-49C4-BB55-BAC8E9FBCF85}.Debug|x64.Build.0 = Debug|Any CPU
		{9BF60EB4-FF21-49C4-BB55-BAC8E9FBCF85}.Debug|x86.ActiveCfg = Debug|Any CPU
		{9BF60EB4-FF21-49C4-BB55-BAC8E9FBCF85}.Debug|x86.Build.0 = Debug|Any CPU
		{9BF60EB4-FF21-49C4-BB55-BAC8E9FBCF85}.Release|Any CPU.ActiveCfg = Release|Any CPU
		{9BF60EB4-FF21-49C4-BB55-BAC8E9FBCF85}.Release|Any CPU.Build.0 = Release|Any CPU
		{9BF60EB4-FF21-49C4-BB55-BAC8E9FBCF85}.Release|x64.ActiveCfg = Release|Any CPU
		{9BF60EB4-FF21-49C4-BB55-BAC8E9FBCF85}.Release|x64.Build.0 = Release|Any CPU
		{9BF60EB4-FF21-49C4-BB55-BAC8E9FBCF85}.Release|x86.ActiveCfg = Release|Any CPU
		{9BF60EB4-FF21-49C4-BB55-BAC8E9FBCF85}.Release|x86.Build.0 = Release|Any CPU
	EndGlobalSection
	GlobalSection(SolutionProperties) = preSolution
		HideSolutionNode = FALSE
	EndGlobalSection
	GlobalSection(NestedProjects) = preSolution
		{AC970B39-3BE5-4288-BA31-84CA8FF8DF4D} = {02EA681E-C7D8-13C7-8484-4AC65E1B71E8}
		{CA1CF1C5-C532-48D8-9973-30D1AF49FC01} = {02EA681E-C7D8-13C7-8484-4AC65E1B71E8}
		{F714B4FB-0850-42EB-8DD8-D83672E8318C} = {5CB37456-3092-4356-B779-147A8323C44F}
		{216DC764-0FD1-4D27-B936-3B4F154EBE16} = {9452E327-5ECD-46D9-8BDD-AAF64FB16DC9}
		{1F83A946-7798-4B64-849C-9B7C4750D47F} = {9452E327-5ECD-46D9-8BDD-AAF64FB16DC9}
		{7BB92596-FB3C-46E1-9887-BAA3F9839314} = {9452E327-5ECD-46D9-8BDD-AAF64FB16DC9}
		{F16AF13E-B9DE-447E-B8CA-E66336E4FA40} = {9452E327-5ECD-46D9-8BDD-AAF64FB16DC9}
		{D3E62BAF-0FCC-47CB-BC15-2533C4CAC3E8} = {9452E327-5ECD-46D9-8BDD-AAF64FB16DC9}
		{453CAEC3-ABE1-4DA0-8CAF-43117833BDF6} = {9452E327-5ECD-46D9-8BDD-AAF64FB16DC9}
		{A9CF6112-9BF2-411D-B270-325F948608F3} = {9452E327-5ECD-46D9-8BDD-AAF64FB16DC9}
		{A6D7951C-9786-4AF7-A4B6-20FB176B63C2} = {9452E327-5ECD-46D9-8BDD-AAF64FB16DC9}
		{31FD5F8A-D265-4DA2-9778-1E50432024C9} = {9452E327-5ECD-46D9-8BDD-AAF64FB16DC9}
		{9BF60EB4-FF21-49C4-BB55-BAC8E9FBCF85} = {9452E327-5ECD-46D9-8BDD-AAF64FB16DC9}
	EndGlobalSection
	GlobalSection(ExtensibilityGlobals) = postSolution
		SolutionGuid = {395CF1C5-D1FA-4F51-AC0B-EF9754995641}
	EndGlobalSection
EndGlobal
